
Microsoft Visual Studio Solution File, Format Version 12.00
# Visual Studio 2012
Project("{FAE04EC0-301F-11D3-BF4B-00C04F79EFBC}") = "ActiveMusicContracts.Specs", "ActiveMusicContracts\ActiveMusicContracts.Specs.csproj", "{9ABE3435-53C5-4F18-AD1A-598862509F11}"
EndProject
Project("{2150E333-8FDC-42A3-9474-1A3956D46DE8}") = ".nuget", ".nuget", "{05EC57BA-D517-4628-BA80-EB224BB584C3}"
	ProjectSection(SolutionItems) = preProject
		.nuget\packages.config = .nuget\packages.config
	EndProjectSection
EndProject
Project("{FAE04EC0-301F-11D3-BF4B-00C04F79EFBC}") = "ApplicationProject", "ApplicationProject\ApplicationProject.csproj", "{C0AAB5F7-45D5-4EAB-9EF3-CE92AB1A6909}"
EndProject
Global
	GlobalSection(SolutionConfigurationPlatforms) = preSolution
		Debug|Any CPU = Debug|Any CPU
		Release|Any CPU = Release|Any CPU
	EndGlobalSection
	GlobalSection(ProjectConfigurationPlatforms) = postSolution
		{9ABE3435-53C5-4F18-AD1A-598862509F11}.Debug|Any CPU.ActiveCfg = Debug|Any CPU
		{9ABE3435-53C5-4F18-AD1A-598862509F11}.Debug|Any CPU.Build.0 = Debug|Any CPU
		{9ABE3435-53C5-4F18-AD1A-598862509F11}.Release|Any CPU.ActiveCfg = Release|Any CPU
		{9ABE3435-53C5-4F18-AD1A-598862509F11}.Release|Any CPU.Build.0 = Release|Any CPU
		{C0AAB5F7-45D5-4EAB-9EF3-CE92AB1A6909}.Debug|Any CPU.ActiveCfg = Debug|Any CPU
		{C0AAB5F7-45D5-4EAB-9EF3-CE92AB1A6909}.Debug|Any CPU.Build.0 = Debug|Any CPU
		{C0AAB5F7-45D5-4EAB-9EF3-CE92AB1A6909}.Release|Any CPU.ActiveCfg = Release|Any CPU
		{C0AAB5F7-45D5-4EAB-9EF3-CE92AB1A6909}.Release|Any CPU.Build.0 = Release|Any CPU
	EndGlobalSection
	GlobalSection(SolutionProperties) = preSolution
		HideSolutionNode = FALSE
	EndGlobalSection
EndGlobal
